
Microsoft Visual Studio Solution File, Format Version 12.00
# Visual Studio 15
VisualStudioVersion = 15.0.27428.2037
MinimumVisualStudioVersion = 10.0.40219.1
Project("{FAE04EC0-301F-11D3-BF4B-00C04F79EFBC}") = "CodiJobServices", "CodiJobServices\CodiJobServices.csproj", "{F28EF3DD-B56F-4A66-ABED-54DD98D17A9A}"
EndProject
Global
	GlobalSection(SolutionConfigurationPlatforms) = preSolution
		Debug|Any CPU = Debug|Any CPU
		Release|Any CPU = Release|Any CPU
	EndGlobalSection
	GlobalSection(ProjectConfigurationPlatforms) = postSolution
		{F28EF3DD-B56F-4A66-ABED-54DD98D17A9A}.Debug|Any CPU.ActiveCfg = Debug|Any CPU
		{F28EF3DD-B56F-4A66-ABED-54DD98D17A9A}.Debug|Any CPU.Build.0 = Debug|Any CPU
		{F28EF3DD-B56F-4A66-ABED-54DD98D17A9A}.Release|Any CPU.ActiveCfg = Release|Any CPU
		{F28EF3DD-B56F-4A66-ABED-54DD98D17A9A}.Release|Any CPU.Build.0 = Release|Any CPU
	EndGlobalSection
	GlobalSection(SolutionProperties) = preSolution
		HideSolutionNode = FALSE
	EndGlobalSection
	GlobalSection(ExtensibilityGlobals) = postSolution
		SolutionGuid = {8B134ACE-B3F5-4267-86A2-BD957241846F}
	EndGlobalSection
EndGlobal
